{
  "name": "tests",
  "lockfileVersion": 3,
  "requires": true,
  "packages": {
    "": {
      "name": "tests",
      "dependencies": {
        "crypto-js": "^4.2.0"
      },
      "devDependencies": {
        "@types/bun": "latest",
        "@types/crypto-js": "^4.2.2"
      },
      "peerDependencies": {
        "blake3": "^3.0.0",
        "typescript": "^5"
      }
    },
    "node_modules/@c4312/blake3-internal": {
      "version": "3.0.0",
      "resolved": "https://registry.npmjs.org/@c4312/blake3-internal/-/blake3-internal-3.0.0.tgz",
      "integrity": "sha512-USnabcn5uQDbEEryzjK4F3L7HVbMsWtqkTjDbZ/zyMp2vXwlOVnYZbn2WEGx+RmN84U5S1dTe1+RI0fKBWxQsA==",
      "license": "MIT",
      "peer": true,
      "engines": {
        "node": ">=16"
      }
    },
    "node_modules/@types/bun": {
      "version": "1.2.18",
      "resolved": "https://registry.npmjs.org/@types/bun/-/bun-1.2.18.tgz",
      "integrity": "sha512-Xf6RaWVheyemaThV0kUfaAUvCNokFr+bH8Jxp+tTZfx7dAPA8z9ePnP9S9+Vspzuxxx9JRAXhnyccRj3GyCMdQ==",
      "dev": true,
      "license": "MIT",
      "dependencies": {
        "bun-types": "1.2.18"
      }
    },
    "node_modules/@types/crypto-js": {
      "version": "4.2.2",
      "resolved": "https://registry.npmjs.org/@types/crypto-js/-/crypto-js-4.2.2.tgz",
      "integrity": "sha512-sDOLlVbHhXpAUAL0YHDUUwDZf3iN4Bwi4W6a0W0b+QcAezUbRtH4FVb+9J4h+XFPW7l/gQ9F8qC7P+Ec4k8QVQ==",
      "dev": true,
      "license": "MIT"
    },
    "node_modules/@types/node": {
      "version": "24.0.10",
      "dev": true,
      "license": "MIT",
      "dependencies": {
        "undici-types": "~7.8.0"
      }
    },
    "node_modules/@types/react": {
      "version": "19.1.8",
      "dev": true,
      "license": "MIT",
      "peer": true,
      "dependencies": {
        "csstype": "^3.0.2"
      }
    },
    "node_modules/blake3": {
      "version": "3.0.0",
      "resolved": "https://registry.npmjs.org/blake3/-/blake3-3.0.0.tgz",
      "integrity": "sha512-59iHKatHHQHKYyzGUEZt4y2J3Pj1krKeFj3u+ALdugADLop9aLTRqd5oFc61sHeFtedvq/sNMD+nukco7NL8qA==",
      "hasInstallScript": true,
      "license": "MIT",
      "peer": true,
      "dependencies": {
        "blake3-wasm": "2.1.7"
      },
      "engines": {
        "node": ">=16"
      },
      "optionalDependencies": {
        "@c4312/blake3-native": "2.1.7"
      }
    },
    "node_modules/blake3-wasm": {
      "version": "3.0.0",
      "resolved": "https://registry.npmjs.org/blake3-wasm/-/blake3-wasm-3.0.0.tgz",
      "integrity": "sha512-X410nN2AIX6k8gHQmXruQ9YV3U8fe7ZrfLMp88qBcGx5oEIGzz305HvquXoSTPdaR74EA99KHBTb8El9q0vjqQ==",
      "license": "MIT",
      "peer": true,
      "dependencies": {
        "@c4312/blake3-internal": "2.1.7"
      },
      "engines": {
        "node": ">=16"
      }
    },
    "node_modules/blake3/node_modules/@c4312/blake3-native": {
      "optional": true,
      "peer": true
    },
    "node_modules/bun-types": {
      "version": "1.2.18",
      "dev": true,
      "license": "MIT",
      "dependencies": {
        "@types/node": "*"
      },
      "peerDependencies": {
        "@types/react": "^19"
      }
    },
    "node_modules/crypto-js": {
      "version": "4.2.0",
      "license": "MIT"
    },
    "node_modules/csstype": {
      "version": "3.1.3",
      "dev": true,
      "license": "MIT",
      "peer": true
    },
    "node_modules/typescript": {
      "version": "5.8.3",
      "license": "Apache-2.0",
      "peer": true,
      "bin": {
        "tsc": "bin/tsc",
        "tsserver": "bin/tsserver"
      },
      "engines": {
        "node": ">=14.17"
      }
    },
    "node_modules/undici-types": {
      "version": "7.8.0",
      "dev": true,
      "license": "MIT"
    }
  }
}
